
Microsoft Visual Studio Solution File, Format Version 12.00
# Visual Studio Version 16
VisualStudioVersion = 16.0.30907.101
MinimumVisualStudioVersion = 10.0.40219.1
Project("{FAE04EC0-301F-11D3-BF4B-00C04F79EFBC}") = "MVCDemoApp6", "MVCDemoApp6\MVCDemoApp6.csproj", "{18B1CD60-B44C-439F-9FFD-16775AC487CD}"
EndProject
Global
	GlobalSection(SolutionConfigurationPlatforms) = preSolution
		Debug|Any CPU = Debug|Any CPU
		Release|Any CPU = Release|Any CPU
	EndGlobalSection
	GlobalSection(ProjectConfigurationPlatforms) = postSolution
		{18B1CD60-B44C-439F-9FFD-16775AC487CD}.Debug|Any CPU.ActiveCfg = Debug|Any CPU
		{18B1CD60-B44C-439F-9FFD-16775AC487CD}.Debug|Any CPU.Build.0 = Debug|Any CPU
		{18B1CD60-B44C-439F-9FFD-16775AC487CD}.Release|Any CPU.ActiveCfg = Release|Any CPU
		{18B1CD60-B44C-439F-9FFD-16775AC487CD}.Release|Any CPU.Build.0 = Release|Any CPU
	EndGlobalSection
	GlobalSection(SolutionProperties) = preSolution
		HideSolutionNode = FALSE
	EndGlobalSection
	GlobalSection(ExtensibilityGlobals) = postSolution
		SolutionGuid = {722A6A98-9BF3-475D-96CF-AB306FDF0743}
	EndGlobalSection
EndGlobal
